
Microsoft Visual Studio Solution File, Format Version 12.00
# Visual Studio Version 17
VisualStudioVersion = 17.7.34024.191
MinimumVisualStudioVersion = 10.0.40219.1
Project("{FAE04EC0-301F-11D3-BF4B-00C04F79EFBC}") = "LetterFormatter", "LetterFormatter\LetterFormatter.csproj", "{9FB4F775-7108-46B0-9F45-1A229C94CB09}"
EndProject
Project("{FAE04EC0-301F-11D3-BF4B-00C04F79EFBC}") = "LetterFormatter.Tests", "LetterFormatter.Tests\LetterFormatter.Tests.csproj", "{D3033547-BE2F-4546-BDC1-9B68F420D133}"
EndProject
Global
	GlobalSection(SolutionConfigurationPlatforms) = preSolution
		Debug|Any CPU = Debug|Any CPU
		Release|Any CPU = Release|Any CPU
	EndGlobalSection
	GlobalSection(ProjectConfigurationPlatforms) = postSolution
		{9FB4F775-7108-46B0-9F45-1A229C94CB09}.Debug|Any CPU.ActiveCfg = Debug|Any CPU
		{9FB4F775-7108-46B0-9F45-1A229C94CB09}.Debug|Any CPU.Build.0 = Debug|Any CPU
		{9FB4F775-7108-46B0-9F45-1A229C94CB09}.Release|Any CPU.ActiveCfg = Release|Any CPU
		{9FB4F775-7108-46B0-9F45-1A229C94CB09}.Release|Any CPU.Build.0 = Release|Any CPU
		{D3033547-BE2F-4546-BDC1-9B68F420D133}.Debug|Any CPU.ActiveCfg = Debug|Any CPU
		{D3033547-BE2F-4546-BDC1-9B68F420D133}.Debug|Any CPU.Build.0 = Debug|Any CPU
		{D3033547-BE2F-4546-BDC1-9B68F420D133}.Release|Any CPU.ActiveCfg = Release|Any CPU
		{D3033547-BE2F-4546-BDC1-9B68F420D133}.Release|Any CPU.Build.0 = Release|Any CPU
	EndGlobalSection
	GlobalSection(SolutionProperties) = preSolution
		HideSolutionNode = FALSE
	EndGlobalSection
	GlobalSection(ExtensibilityGlobals) = postSolution
		SolutionGuid = {96A5F2BE-8CEC-4FC0-9D77-E9B5130983C0}
	EndGlobalSection
EndGlobal
